// !$*UTF8*$!
{
	archiveVersion = 1;
	classes = {
	};
	objectVersion = 46;
	objects = {

/* Begin PBXBuildFile section */
		84BE574C1F14A9D800FD2033 /* main.m in Sources */ = {isa = PBXBuildFile; fileRef = 84BE574B1F14A9D800FD2033 /* main.m */; };
		84BE574F1F14A9D800FD2033 /* AppDelegate.m in Sources */ = {isa = PBXBuildFile; fileRef = 84BE574E1F14A9D800FD2033 /* AppDelegate.m */; };
		84BE57521F14A9D800FD2033 /* ViewController.m in Sources */ = {isa = PBXBuildFile; fileRef = 84BE57511F14A9D800FD2033 /* ViewController.m */; };
		84BE57551F14A9D800FD2033 /* Main.storyboard in Resources */ = {isa = PBXBuildFile; fileRef = 84BE57531F14A9D800FD2033 /* Main.storyboard */; };
		84BE57571F14A9D800FD2033 /* Assets.xcassets in Resources */ = {isa = PBXBuildFile; fileRef = 84BE57561F14A9D800FD2033 /* Assets.xcassets */; };
		84BE575A1F14A9D800FD2033 /* LaunchScreen.storyboard in Resources */ = {isa = PBXBuildFile; fileRef = 84BE57581F14A9D800FD2033 /* LaunchScreen.storyboard */; };
		84BE57641F14BA8300FD2033 /* DeviceOrientationViewController.m in Sources */ = {isa = PBXBuildFile; fileRef = 84BE57621F14BA8300FD2033 /* DeviceOrientationViewController.m */; };
		84BE57651F14BA8300FD2033 /* DeviceOrientationViewController.xib in Resources */ = {isa = PBXBuildFile; fileRef = 84BE57631F14BA8300FD2033 /* DeviceOrientationViewController.xib */; };
		84BE57691F14BAE200FD2033 /* InterfaceOrientationViewController.m in Sources */ = {isa = PBXBuildFile; fileRef = 84BE57671F14BAE200FD2033 /* InterfaceOrientationViewController.m */; };
		84BE576A1F14BAE200FD2033 /* InterfaceOrientationViewController.xib in Resources */ = {isa = PBXBuildFile; fileRef = 84BE57681F14BAE200FD2033 /* InterfaceOrientationViewController.xib */; };
		84BE576E1F14BB5000FD2033 /* InterfaceMaskViewController.m in Sources */ = {isa = PBXBuildFile; fileRef = 84BE576C1F14BB5000FD2033 /* InterfaceMaskViewController.m */; };
		84BE576F1F14BB5000FD2033 /* InterfaceMaskViewController.xib in Resources */ = {isa = PBXBuildFile; fileRef = 84BE576D1F14BB5000FD2033 /* InterfaceMaskViewController.xib */; };
/* End PBXBuildFile section */

/* Begin PBXFileReference section */
		84BE57471F14A9D800FD2033 /* DeviceOrientation_Demo.app */ = {isa = PBXFileReference; explicitFileType = wrapper.application; includeInIndex = 0; path = DeviceOrientation_Demo.app; sourceTree = BUILT_PRODUCTS_DIR; };
		84BE574B1F14A9D800FD2033 /* main.m */ = {isa = PBXFileReference; lastKnownFileType = sourcecode.c.objc; path = main.m; sourceTree = "<group>"; };
		84BE574D1F14A9D800FD2033 /* AppDelegate.h */ = {isa = PBXFileReference; lastKnownFileType = sourcecode.c.h; path = AppDelegate.h; sourceTree = "<group>"; };
		84BE574E1F14A9D800FD2033 /* AppDelegate.m */ = {isa = PBXFileReference; lastKnownFileType = sourcecode.c.objc; path = AppDelegate.m; sourceTree = "<group>"; };
		84BE57501F14A9D800FD2033 /* ViewController.h */ = {isa = PBXFileReference; lastKnownFileType = sourcecode.c.h; path = ViewController.h; sourceTree = "<group>"; };
		84BE57511F14A9D800FD2033 /* ViewController.m */ = {isa = PBXFileReference; lastKnownFileType = sourcecode.c.objc; path = ViewController.m; sourceTree = "<group>"; };
		84BE57541F14A9D800FD2033 /* Base */ = {isa = PBXFileReference; lastKnownFileType = file.storyboard; name = Base; path = Base.lproj/Main.storyboard; sourceTree = "<group>"; };
		84BE57561F14A9D800FD2033 /* Assets.xcassets */ = {isa = PBXFileReference; lastKnownFileType = folder.assetcatalog; path = Assets.xcassets; sourceTree = "<group>"; };
		84BE57591F14A9D800FD2033 /* Base */ = {isa = PBXFileReference; lastKnownFileType = file.storyboard; name = Base; path = Base.lproj/LaunchScreen.storyboard; sourceTree = "<group>"; };
		84BE575B1F14A9D800FD2033 /* Info.plist */ = {isa = PBXFileReference; lastKnownFileType = text.plist.xml; path = Info.plist; sourceTree = "<group>"; };
		84BE57611F14BA8300FD2033 /* DeviceOrientationViewController.h */ = {isa = PBXFileReference; fileEncoding = 4; lastKnownFileType = sourcecode.c.h; path = DeviceOrientationViewController.h; sourceTree = "<group>"; };
		84BE57621F14BA8300FD2033 /* DeviceOrientationViewController.m */ = {isa = PBXFileReference; fileEncoding = 4; lastKnownFileType = sourcecode.c.objc; path = DeviceOrientationViewController.m; sourceTree = "<group>"; };
		84BE57631F14BA8300FD2033 /* DeviceOrientationViewController.xib */ = {isa = PBXFileReference; fileEncoding = 4; lastKnownFileType = file.xib; path = DeviceOrientationViewController.xib; sourceTree = "<group>"; };
		84BE57661F14BAE200FD2033 /* InterfaceOrientationViewController.h */ = {isa = PBXFileReference; fileEncoding = 4; lastKnownFileType = sourcecode.c.h; path = InterfaceOrientationViewController.h; sourceTree = "<group>"; };
		84BE57671F14BAE200FD2033 /* InterfaceOrientationViewController.m */ = {isa = PBXFileReference; fileEncoding = 4; lastKnownFileType = sourcecode.c.objc; path = InterfaceOrientationViewController.m; sourceTree = "<group>"; };
		84BE57681F14BAE200FD2033 /* InterfaceOrientationViewController.xib */ = {isa = PBXFileReference; fileEncoding = 4; lastKnownFileType = file.xib; path = InterfaceOrientationViewController.xib; sourceTree = "<group>"; };
		84BE576B1F14BB5000FD2033 /* InterfaceMaskViewController.h */ = {isa = PBXFileReference; fileEncoding = 4; lastKnownFileType = sourcecode.c.h; path = InterfaceMaskViewController.h; sourceTree = "<group>"; };
		84BE576C1F14BB5000FD2033 /* InterfaceMaskViewController.m */ = {isa = PBXFileReference; fileEncoding = 4; lastKnownFileType = sourcecode.c.objc; path = InterfaceMaskViewController.m; sourceTree = "<group>"; };
		84BE576D1F14BB5000FD2033 /* InterfaceMaskViewController.xib */ = {isa = PBXFileReference; fileEncoding = 4; lastKnownFileType = file.xib; path = InterfaceMaskViewController.xib; sourceTree = "<group>"; };
/* End PBXFileReference section */

/* Begin PBXFrameworksBuildPhase section */
		84BE57441F14A9D800FD2033 /* Frameworks */ = {
			isa = PBXFrameworksBuildPhase;
			buildActionMask = 2147483647;
			files = (
			);
			runOnlyForDeploymentPostprocessing = 0;
		};
/* End PBXFrameworksBuildPhase section */

/* Begin PBXGroup section */
		84BE573E1F14A9D800FD2033 = {
			isa = PBXGroup;
			children = (
				84BE57491F14A9D800FD2033 /* DeviceOrientation_Demo */,
				84BE57481F14A9D800FD2033 /* Products */,
			);
			sourceTree = "<group>";
		};
		84BE57481F14A9D800FD2033 /* Products */ = {
			isa = PBXGroup;
			children = (
				84BE57471F14A9D800FD2033 /* DeviceOrientation_Demo.app */,
			);
			name = Products;
			sourceTree = "<group>";
		};
		84BE57491F14A9D800FD2033 /* DeviceOrientation_Demo */ = {
			isa = PBXGroup;
			children = (
				84BE574D1F14A9D800FD2033 /* AppDelegate.h */,
				84BE574E1F14A9D800FD2033 /* AppDelegate.m */,
				84BE57501F14A9D800FD2033 /* ViewController.h */,
				84BE57511F14A9D800FD2033 /* ViewController.m */,
				84BE57611F14BA8300FD2033 /* DeviceOrientationViewController.h */,
				84BE57621F14BA8300FD2033 /* DeviceOrientationViewController.m */,
				84BE57631F14BA8300FD2033 /* DeviceOrientationViewController.xib */,
				84BE57661F14BAE200FD2033 /* InterfaceOrientationViewController.h */,
				84BE57671F14BAE200FD2033 /* InterfaceOrientationViewController.m */,
				84BE57681F14BAE200FD2033 /* InterfaceOrientationViewController.xib */,
				84BE576B1F14BB5000FD2033 /* InterfaceMaskViewController.h */,
				84BE576C1F14BB5000FD2033 /* InterfaceMaskViewController.m */,
				84BE576D1F14BB5000FD2033 /* InterfaceMaskViewController.xib */,
				84BE57531F14A9D800FD2033 /* Main.storyboard */,
				84BE57561F14A9D800FD2033 /* Assets.xcassets */,
				84BE57581F14A9D800FD2033 /* LaunchScreen.storyboard */,
				84BE575B1F14A9D800FD2033 /* Info.plist */,
				84BE574A1F14A9D800FD2033 /* Supporting Files */,
			);
			path = DeviceOrientation_Demo;
			sourceTree = "<group>";
		};
		84BE574A1F14A9D800FD2033 /* Supporting Files */ = {
			isa = PBXGroup;
			children = (
				84BE574B1F14A9D800FD2033 /* main.m */,
			);
			name = "Supporting Files";
			sourceTree = "<group>";
		};
/* End PBXGroup section */

/* Begin PBXNativeTarget section */
		84BE57461F14A9D800FD2033 /* DeviceOrientation_Demo */ = {
			isa = PBXNativeTarget;
			buildConfigurationList = 84BE575E1F14A9D800FD2033 /* Build configuration list for PBXNativeTarget "DeviceOrientation_Demo" */;
			buildPhases = (
				84BE57431F14A9D800FD2033 /* Sources */,
				84BE57441F14A9D800FD2033 /* Frameworks */,
				84BE57451F14A9D800FD2033 /* Resources */,
			);
			buildRules = (
			);
			dependencies = (
			);
			name = DeviceOrientation_Demo;
			productName = DeviceOrientation_Demo;
			productReference = 84BE57471F14A9D800FD2033 /* DeviceOrientation_Demo.app */;
			productType = "com.apple.product-type.application";
		};
/* End PBXNativeTarget section */

/* Begin PBXProject section */
		84BE573F1F14A9D800FD2033 /* Project object */ = {
			isa = PBXProject;
			attributes = {
				LastUpgradeCheck = 0800;
				ORGANIZATIONNAME = lizihaha;
				TargetAttributes = {
					84BE57461F14A9D800FD2033 = {
						CreatedOnToolsVersion = 8.0;
						DevelopmentTeam = UN8Z6TWPXB;
						ProvisioningStyle = Automatic;
					};
				};
			};
			buildConfigurationList = 84BE57421F14A9D800FD2033 /* Build configuration list for PBXProject "DeviceOrientation_Demo" */;
			compatibilityVersion = "Xcode 3.2";
			developmentRegion = English;
			hasScannedForEncodings = 0;
			knownRegions = (
				en,
				Base,
			);
			mainGroup = 84BE573E1F14A9D800FD2033;
			productRefGroup = 84BE57481F14A9D800FD2033 /* Products */;
			projectDirPath = "";
			projectRoot = "";
			targets = (
				84BE57461F14A9D800FD2033 /* DeviceOrientation_Demo */,
			);
		};
/* End PBXProject section */

/* Begin PBXResourcesBuildPhase section */
		84BE57451F14A9D800FD2033 /* Resources */ = {
			isa = PBXResourcesBuildPhase;
			buildActionMask = 2147483647;
			files = (
				84BE575A1F14A9D800FD2033 /* LaunchScreen.storyboard in Resources */,
				84BE57571F14A9D800FD2033 /* Assets.xcassets in Resources */,
				84BE57551F14A9D800FD2033 /* Main.storyboard in Resources */,
				84BE576A1F14BAE200FD2033 /* InterfaceOrientationViewController.xib in Resources */,
				84BE576F1F14BB5000FD2033 /* InterfaceMaskViewController.xib in Resources */,
				84BE57651F14BA8300FD2033 /* DeviceOrientationViewController.xib in Resources */,
			);
			runOnlyForDeploymentPostprocessing = 0;
		};
/* End PBXResourcesBuildPhase section */

/* Begin PBXSourcesBuildPhase section */
		84BE57431F14A9D800FD2033 /* Sources */ = {
			isa = PBXSourcesBuildPhase;
			buildActionMask = 2147483647;
			files = (
				84BE57521F14A9D800FD2033 /* ViewController.m in Sources */,
				84BE57691F14BAE200FD2033 /* InterfaceOrientationViewController.m in Sources */,
				84BE57641F14BA8300FD2033 /* DeviceOrientationViewController.m in Sources */,
				84BE574F1F14A9D800FD2033 /* AppDelegate.m in Sources */,
				84BE576E1F14BB5000FD2033 /* InterfaceMaskViewController.m in Sources */,
				84BE574C1F14A9D800FD2033 /* main.m in Sources */,
			);
			runOnlyForDeploymentPostprocessing = 0;
		};
/* End PBXSourcesBuildPhase section */

/* Begin PBXVariantGroup section */
		84BE57531F14A9D800FD2033 /* Main.storyboard */ = {
			isa = PBXVariantGroup;
			children = (
				84BE57541F14A9D800FD2033 /* Base */,
			);
			name = Main.storyboard;
			sourceTree = "<group>";
		};
		84BE57581F14A9D800FD2033 /* LaunchScreen.storyboard */ = {
			isa = PBXVariantGroup;
			children = (
				84BE57591F14A9D800FD2033 /* Base */,
			);
			name = LaunchScreen.storyboard;
			sourceTree = "<group>";
		};
/* End PBXVariantGroup section */

/* Begin XCBuildConfiguration section */
		84BE575C1F14A9D800FD2033 /* Debug */ = {
			isa = XCBuildConfiguration;
			buildSettings = {
				ALWAYS_SEARCH_USER_PATHS = NO;
				CLANG_ANALYZER_NONNULL = YES;
				CLANG_CXX_LANGUAGE_STANDARD = "gnu++0x";
				CLANG_CXX_LIBRARY = "libc++";
				CLANG_ENABLE_MODULES = YES;
				CLANG_ENABLE_OBJC_ARC = YES;
				CLANG_WARN_BOOL_CONVERSION = YES;
				CLANG_WARN_CONSTANT_CONVERSION = YES;
				CLANG_WARN_DIRECT_OBJC_ISA_USAGE = YES_ERROR;
				CLANG_WARN_DOCUMENTATION_COMMENTS = YES;
				CLANG_WARN_EMPTY_BODY = YES;
				CLANG_WARN_ENUM_CONVERSION = YES;
				CLANG_WARN_INFINITE_RECURSION = YES;
				CLANG_WARN_INT_CONVERSION = YES;
				CLANG_WARN_OBJC_ROOT_CLASS = YES_ERROR;
				CLANG_WARN_SUSPICIOUS_MOVES = YES;
				CLANG_WARN_UNREACHABLE_CODE = YES;
				CLANG_WARN__DUPLICATE_METHOD_MATCH = YES;
				"CODE_SIGN_IDENTITY[sdk=iphoneos*]" = "iPhone Developer";
				COPY_PHASE_STRIP = NO;
				DEBUG_INFORMATION_FORMAT = dwarf;
				ENABLE_STRICT_OBJC_MSGSEND = YES;
				ENABLE_TESTABILITY = YES;
				GCC_C_LANGUAGE_STANDARD = gnu99;
				GCC_DYNAMIC_NO_PIC = NO;
				GCC_NO_COMMON_BLOCKS = YES;
				GCC_OPTIMIZATION_LEVEL = 0;
				GCC_PREPROCESSOR_DEFINITIONS = (
					"DEBUG=1",
					"$(inherited)",
				);
				GCC_WARN_64_TO_32_BIT_CONVERSION = YES;
				GCC_WARN_ABOUT_RETURN_TYPE = YES_ERROR;
				GCC_WARN_UNDECLARED_SELECTOR = YES;
				GCC_WARN_UNINITIALIZED_AUTOS = YES_AGGRESSIVE;
				GCC_WARN_UNUSED_FUNCTION = YES;
				GCC_WARN_UNUSED_VARIABLE = YES;
				IPHONEOS_DEPLOYMENT_TARGET = 10.0;
				MTL_ENABLE_DEBUG_INFO = YES;
				ONLY_ACTIVE_ARCH = YES;
				SDKROOT = iphoneos;
				TARGETED_DEVICE_FAMILY = "1,2";
			};
			name = Debug;
		};
		84BE575D1F14A9D800FD2033 /* Release */ = {
			isa = XCBuildConfiguration;
			buildSettings = {
				ALWAYS_SEARCH_USER_PATHS = NO;
				CLANG_ANALYZER_NONNULL = YES;
				CLANG_CXX_LANGUAGE_STANDARD = "gnu++0x";
				CLANG_CXX_LIBRARY = "libc++";
				CLANG_ENABLE_MODULES = YES;
				CLANG_ENABLE_OBJC_ARC = YES;
				CLANG_WARN_BOOL_CONVERSION = YES;
				CLANG_WARN_CONSTANT_CONVERSION = YES;
				CLANG_WARN_DIRECT_OBJC_ISA_USAGE = YES_ERROR;
				CLANG_WARN_DOCUMENTATION_COMMENTS = YES;
				CLANG_WARN_EMPTY_BODY = YES;
				CLANG_WARN_ENUM_CONVERSION = YES;
				CLANG_WARN_INFINITE_RECURSION = YES;
				CLANG_WARN_INT_CONVERSION = YES;
				CLANG_WARN_OBJC_ROOT_CLASS = YES_ERROR;
				CLANG_WARN_SUSPICIOUS_MOVES = YES;
				CLANG_WARN_UNREACHABLE_CODE = YES;
				CLANG_WARN__DUPLICATE_METHOD_MATCH = YES;
				"CODE_SIGN_IDENTITY[sdk=iphoneos*]" = "iPhone Developer";
				COPY_PHASE_STRIP = NO;
				DEBUG_INFORMATION_FORMAT = "dwarf-with-dsym";
				ENABLE_NS_ASSERTIONS = NO;
				ENABLE_STRICT_OBJC_MSGSEND = YES;
				GCC_C_LANGUAGE_STANDARD = gnu99;
				GCC_NO_COMMON_BLOCKS = YES;
				GCC_WARN_64_TO_32_BIT_CONVERSION = YES;
				GCC_WARN_ABOUT_RETURN_TYPE = YES_ERROR;
				GCC_WARN_UNDECLARED_SELECTOR = YES;
				GCC_WARN_UNINITIALIZED_AUTOS = YES_AGGRESSIVE;
				GCC_WARN_UNUSED_FUNCTION = YES;
				GCC_WARN_UNUSED_VARIABLE = YES;
				IPHONEOS_DEPLOYMENT_TARGET = 10.0;
				MTL_ENABLE_DEBUG_INFO = NO;
				SDKROOT = iphoneos;
				TARGETED_DEVICE_FAMILY = "1,2";
				VALIDATE_PRODUCT = YES;
			};
			name = Release;
		};
		84BE575F1F14A9D800FD2033 /* Debug */ = {
			isa = XCBuildConfiguration;
			buildSettings = {
				ASSETCATALOG_COMPILER_APPICON_NAME = AppIcon;
				DEVELOPMENT_TEAM = UN8Z6TWPXB;
				INFOPLIST_FILE = DeviceOrientation_Demo/Info.plist;
				LD_RUNPATH_SEARCH_PATHS = "$(inherited) @executable_path/Frameworks";
				PRODUCT_BUNDLE_IDENTIFIER = "cn.lizihaha.com.DeviceOrientation-Demo";
				PRODUCT_NAME = "$(TARGET_NAME)";
			};
			name = Debug;
		};
		84BE57601F14A9D800FD2033 /* Release */ = {
			isa = XCBuildConfiguration;
			buildSettings = {
				ASSETCATALOG_COMPILER_APPICON_NAME = AppIcon;
				DEVELOPMENT_TEAM = UN8Z6TWPXB;
				INFOPLIST_FILE = DeviceOrientation_Demo/Info.plist;
				LD_RUNPATH_SEARCH_PATHS = "$(inherited) @executable_path/Frameworks";
				PRODUCT_BUNDLE_IDENTIFIER = "cn.lizihaha.com.DeviceOrientation-Demo";
				PRODUCT_NAME = "$(TARGET_NAME)";
			};
			name = Release;
		};
/* End XCBuildConfiguration section */

/* Begin XCConfigurationList section */
		84BE57421F14A9D800FD2033 /* Build configuration list for PBXProject "DeviceOrientation_Demo" */ = {
			isa = XCConfigurationList;
			buildConfigurations = (
				84BE575C1F14A9D800FD2033 /* Debug */,
				84BE575D1F14A9D800FD2033 /* Release */,
			);
			defaultConfigurationIsVisible = 0;
			defaultConfigurationName = Release;
		};
		84BE575E1F14A9D800FD2033 /* Build configuration list for PBXNativeTarget "DeviceOrientation_Demo" */ = {
			isa = XCConfigurationList;
			buildConfigurations = (
				84BE575F1F14A9D800FD2033 /* Debug */,
				84BE57601F14A9D800FD2033 /* Release */,
			);
			defaultConfigurationIsVisible = 0;
		};
/* End XCConfigurationList section */
	};
	rootObject = 84BE573F1F14A9D800FD2033 /* Project object */;
}
